
Microsoft Visual Studio Solution File, Format Version 12.00
# Visual Studio Version 17
VisualStudioVersion = 17.4.33110.190
MinimumVisualStudioVersion = 10.0.40219.1
Project("{FAE04EC0-301F-11D3-BF4B-00C04F79EFBC}") = "csharp-geometria", "csharp-geometria\csharp-geometria.csproj", "{32F8656A-E565-4DE2-8B1F-57CF2505A353}"
EndProject
Global
	GlobalSection(SolutionConfigurationPlatforms) = preSolution
		Debug|Any CPU = Debug|Any CPU
		Release|Any CPU = Release|Any CPU
	EndGlobalSection
	GlobalSection(ProjectConfigurationPlatforms) = postSolution
		{32F8656A-E565-4DE2-8B1F-57CF2505A353}.Debug|Any CPU.ActiveCfg = Debug|Any CPU
		{32F8656A-E565-4DE2-8B1F-57CF2505A353}.Debug|Any CPU.Build.0 = Debug|Any CPU
		{32F8656A-E565-4DE2-8B1F-57CF2505A353}.Release|Any CPU.ActiveCfg = Release|Any CPU
		{32F8656A-E565-4DE2-8B1F-57CF2505A353}.Release|Any CPU.Build.0 = Release|Any CPU
	EndGlobalSection
	GlobalSection(SolutionProperties) = preSolution
		HideSolutionNode = FALSE
	EndGlobalSection
	GlobalSection(ExtensibilityGlobals) = postSolution
		SolutionGuid = {24D5C189-EC68-46B4-A2C6-B662D0DFAB9C}
	EndGlobalSection
EndGlobal
